
Microsoft Visual Studio Solution File, Format Version 12.00
# Visual Studio 15
VisualStudioVersion = 15.0.28010.2019
MinimumVisualStudioVersion = 10.0.40219.1
Project("{FAE04EC0-301F-11D3-BF4B-00C04F79EFBC}") = "Library.WebApplication", "Library.WebApplication\Library.WebApplication.csproj", "{04CC7013-8AA3-4D6F-8244-0DBED4E81536}"
EndProject
Project("{FAE04EC0-301F-11D3-BF4B-00C04F79EFBC}") = "Library.WebApplication.Tests", "Library.WebApplication.Tests\Library.WebApplication.Tests.csproj", "{2C9F6D7E-909D-4483-BF4C-BAFFB783A422}"
EndProject
Project("{FAE04EC0-301F-11D3-BF4B-00C04F79EFBC}") = "Library.Entities", "Library.Entities\Library.Entities.csproj", "{00846781-DCC5-40CA-9567-DC29F803A02F}"
EndProject
Global
	GlobalSection(SolutionConfigurationPlatforms) = preSolution
		Debug|Any CPU = Debug|Any CPU
		Release|Any CPU = Release|Any CPU
	EndGlobalSection
	GlobalSection(ProjectConfigurationPlatforms) = postSolution
		{04CC7013-8AA3-4D6F-8244-0DBED4E81536}.Debug|Any CPU.ActiveCfg = Debug|Any CPU
		{04CC7013-8AA3-4D6F-8244-0DBED4E81536}.Debug|Any CPU.Build.0 = Debug|Any CPU
		{04CC7013-8AA3-4D6F-8244-0DBED4E81536}.Release|Any CPU.ActiveCfg = Release|Any CPU
		{04CC7013-8AA3-4D6F-8244-0DBED4E81536}.Release|Any CPU.Build.0 = Release|Any CPU
		{2C9F6D7E-909D-4483-BF4C-BAFFB783A422}.Debug|Any CPU.ActiveCfg = Debug|Any CPU
		{2C9F6D7E-909D-4483-BF4C-BAFFB783A422}.Debug|Any CPU.Build.0 = Debug|Any CPU
		{2C9F6D7E-909D-4483-BF4C-BAFFB783A422}.Release|Any CPU.ActiveCfg = Release|Any CPU
		{2C9F6D7E-909D-4483-BF4C-BAFFB783A422}.Release|Any CPU.Build.0 = Release|Any CPU
		{00846781-DCC5-40CA-9567-DC29F803A02F}.Debug|Any CPU.ActiveCfg = Debug|Any CPU
		{00846781-DCC5-40CA-9567-DC29F803A02F}.Debug|Any CPU.Build.0 = Debug|Any CPU
		{00846781-DCC5-40CA-9567-DC29F803A02F}.Release|Any CPU.ActiveCfg = Release|Any CPU
		{00846781-DCC5-40CA-9567-DC29F803A02F}.Release|Any CPU.Build.0 = Release|Any CPU
	EndGlobalSection
	GlobalSection(SolutionProperties) = preSolution
		HideSolutionNode = FALSE
	EndGlobalSection
	GlobalSection(ExtensibilityGlobals) = postSolution
		SolutionGuid = {C08A39E1-B965-4407-B9DA-DCB6116AEABC}
	EndGlobalSection
EndGlobal
